// !$*UTF8*$!
{
	archiveVersion = 1;
	classes = {
	};
	objectVersion = 46;
	objects = {

/* Begin PBXBuildFile section */
		187974C41D2C8BF9003CEA49 /* main.m in Sources */ = {isa = PBXBuildFile; fileRef = 187974C31D2C8BF9003CEA49 /* main.m */; };
		187974C71D2C8BF9003CEA49 /* AppDelegate.m in Sources */ = {isa = PBXBuildFile; fileRef = 187974C61D2C8BF9003CEA49 /* AppDelegate.m */; };
		187974CA1D2C8BF9003CEA49 /* ViewController.m in Sources */ = {isa = PBXBuildFile; fileRef = 187974C91D2C8BF9003CEA49 /* ViewController.m */; };
		187974CD1D2C8BF9003CEA49 /* Main.storyboard in Resources */ = {isa = PBXBuildFile; fileRef = 187974CB1D2C8BF9003CEA49 /* Main.storyboard */; };
		187974CF1D2C8BF9003CEA49 /* Assets.xcassets in Resources */ = {isa = PBXBuildFile; fileRef = 187974CE1D2C8BF9003CEA49 /* Assets.xcassets */; };
		187974D21D2C8BF9003CEA49 /* LaunchScreen.storyboard in Resources */ = {isa = PBXBuildFile; fileRef = 187974D01D2C8BF9003CEA49 /* LaunchScreen.storyboard */; };
/* End PBXBuildFile section */

/* Begin PBXFileReference section */
		187974BF1D2C8BF9003CEA49 /* OperationGuide.app */ = {isa = PBXFileReference; explicitFileType = wrapper.application; includeInIndex = 0; path = OperationGuide.app; sourceTree = BUILT_PRODUCTS_DIR; };
		187974C31D2C8BF9003CEA49 /* main.m */ = {isa = PBXFileReference; lastKnownFileType = sourcecode.c.objc; path = main.m; sourceTree = "<group>"; };
		187974C51D2C8BF9003CEA49 /* AppDelegate.h */ = {isa = PBXFileReference; lastKnownFileType = sourcecode.c.h; path = AppDelegate.h; sourceTree = "<group>"; };
		187974C61D2C8BF9003CEA49 /* AppDelegate.m */ = {isa = PBXFileReference; lastKnownFileType = sourcecode.c.objc; path = AppDelegate.m; sourceTree = "<group>"; };
		187974C81D2C8BF9003CEA49 /* ViewController.h */ = {isa = PBXFileReference; lastKnownFileType = sourcecode.c.h; path = ViewController.h; sourceTree = "<group>"; };
		187974C91D2C8BF9003CEA49 /* ViewController.m */ = {isa = PBXFileReference; lastKnownFileType = sourcecode.c.objc; path = ViewController.m; sourceTree = "<group>"; };
		187974CC1D2C8BF9003CEA49 /* Base */ = {isa = PBXFileReference; lastKnownFileType = file.storyboard; name = Base; path = Base.lproj/Main.storyboard; sourceTree = "<group>"; };
		187974CE1D2C8BF9003CEA49 /* Assets.xcassets */ = {isa = PBXFileReference; lastKnownFileType = folder.assetcatalog; path = Assets.xcassets; sourceTree = "<group>"; };
		187974D11D2C8BF9003CEA49 /* Base */ = {isa = PBXFileReference; lastKnownFileType = file.storyboard; name = Base; path = Base.lproj/LaunchScreen.storyboard; sourceTree = "<group>"; };
		187974D31D2C8BF9003CEA49 /* Info.plist */ = {isa = PBXFileReference; lastKnownFileType = text.plist.xml; path = Info.plist; sourceTree = "<group>"; };
/* End PBXFileReference section */

/* Begin PBXFrameworksBuildPhase section */
		187974BC1D2C8BF9003CEA49 /* Frameworks */ = {
			isa = PBXFrameworksBuildPhase;
			buildActionMask = 2147483647;
			files = (
			);
			runOnlyForDeploymentPostprocessing = 0;
		};
/* End PBXFrameworksBuildPhase section */

/* Begin PBXGroup section */
		187974B61D2C8BF9003CEA49 = {
			isa = PBXGroup;
			children = (
				187974C11D2C8BF9003CEA49 /* OperationGuide */,
				187974C01D2C8BF9003CEA49 /* Products */,
			);
			sourceTree = "<group>";
		};
		187974C01D2C8BF9003CEA49 /* Products */ = {
			isa = PBXGroup;
			children = (
				187974BF1D2C8BF9003CEA49 /* OperationGuide.app */,
			);
			name = Products;
			sourceTree = "<group>";
		};
		187974C11D2C8BF9003CEA49 /* OperationGuide */ = {
			isa = PBXGroup;
			children = (
				187974C51D2C8BF9003CEA49 /* AppDelegate.h */,
				187974C61D2C8BF9003CEA49 /* AppDelegate.m */,
				187974C81D2C8BF9003CEA49 /* ViewController.h */,
				187974C91D2C8BF9003CEA49 /* ViewController.m */,
				187974CB1D2C8BF9003CEA49 /* Main.storyboard */,
				187974CE1D2C8BF9003CEA49 /* Assets.xcassets */,
				187974D01D2C8BF9003CEA49 /* LaunchScreen.storyboard */,
				187974D31D2C8BF9003CEA49 /* Info.plist */,
				187974C21D2C8BF9003CEA49 /* Supporting Files */,
			);
			path = OperationGuide;
			sourceTree = "<group>";
		};
		187974C21D2C8BF9003CEA49 /* Supporting Files */ = {
			isa = PBXGroup;
			children = (
				187974C31D2C8BF9003CEA49 /* main.m */,
			);
			name = "Supporting Files";
			sourceTree = "<group>";
		};
/* End PBXGroup section */

/* Begin PBXNativeTarget section */
		187974BE1D2C8BF9003CEA49 /* OperationGuide */ = {
			isa = PBXNativeTarget;
			buildConfigurationList = 187974D61D2C8BF9003CEA49 /* Build configuration list for PBXNativeTarget "OperationGuide" */;
			buildPhases = (
				187974BB1D2C8BF9003CEA49 /* Sources */,
				187974BC1D2C8BF9003CEA49 /* Frameworks */,
				187974BD1D2C8BF9003CEA49 /* Resources */,
			);
			buildRules = (
			);
			dependencies = (
			);
			name = OperationGuide;
			productName = OperationGuide;
			productReference = 187974BF1D2C8BF9003CEA49 /* OperationGuide.app */;
			productType = "com.apple.product-type.application";
		};
/* End PBXNativeTarget section */

/* Begin PBXProject section */
		187974B71D2C8BF9003CEA49 /* Project object */ = {
			isa = PBXProject;
			attributes = {
				LastUpgradeCheck = 0730;
				ORGANIZATIONNAME = Apple;
				TargetAttributes = {
					187974BE1D2C8BF9003CEA49 = {
						CreatedOnToolsVersion = 7.3.1;
					};
				};
			};
			buildConfigurationList = 187974BA1D2C8BF9003CEA49 /* Build configuration list for PBXProject "OperationGuide" */;
			compatibilityVersion = "Xcode 3.2";
			developmentRegion = English;
			hasScannedForEncodings = 0;
			knownRegions = (
				en,
				Base,
			);
			mainGroup = 187974B61D2C8BF9003CEA49;
			productRefGroup = 187974C01D2C8BF9003CEA49 /* Products */;
			projectDirPath = "";
			projectRoot = "";
			targets = (
				187974BE1D2C8BF9003CEA49 /* OperationGuide */,
			);
		};
/* End PBXProject section */

/* Begin PBXResourcesBuildPhase section */
		187974BD1D2C8BF9003CEA49 /* Resources */ = {
			isa = PBXResourcesBuildPhase;
			buildActionMask = 2147483647;
			files = (
				187974D21D2C8BF9003CEA49 /* LaunchScreen.storyboard in Resources */,
				187974CF1D2C8BF9003CEA49 /* Assets.xcassets in Resources */,
				187974CD1D2C8BF9003CEA49 /* Main.storyboard in Resources */,
			);
			runOnlyForDeploymentPostprocessing = 0;
		};
/* End PBXResourcesBuildPhase section */

/* Begin PBXSourcesBuildPhase section */
		187974BB1D2C8BF9003CEA49 /* Sources */ = {
			isa = PBXSourcesBuildPhase;
			buildActionMask = 2147483647;
			files = (
				187974CA1D2C8BF9003CEA49 /* ViewController.m in Sources */,
				187974C71D2C8BF9003CEA49 /* AppDelegate.m in Sources */,
				187974C41D2C8BF9003CEA49 /* main.m in Sources */,
			);
			runOnlyForDeploymentPostprocessing = 0;
		};
/* End PBXSourcesBuildPhase section */

/* Begin PBXVariantGroup section */
		187974CB1D2C8BF9003CEA49 /* Main.storyboard */ = {
			isa = PBXVariantGroup;
			children = (
				187974CC1D2C8BF9003CEA49 /* Base */,
			);
			name = Main.storyboard;
			sourceTree = "<group>";
		};
		187974D01D2C8BF9003CEA49 /* LaunchScreen.storyboard */ = {
			isa = PBXVariantGroup;
			children = (
				187974D11D2C8BF9003CEA49 /* Base */,
			);
			name = LaunchScreen.storyboard;
			sourceTree = "<group>";
		};
/* End PBXVariantGroup section */

/* Begin XCBuildConfiguration section */
		187974D41D2C8BF9003CEA49 /* Debug */ = {
			isa = XCBuildConfiguration;
			buildSettings = {
				ALWAYS_SEARCH_USER_PATHS = NO;
				CLANG_ANALYZER_NONNULL = YES;
				CLANG_CXX_LANGUAGE_STANDARD = "gnu++0x";
				CLANG_CXX_LIBRARY = "libc++";
				CLANG_ENABLE_MODULES = YES;
				CLANG_ENABLE_OBJC_ARC = YES;
				CLANG_WARN_BOOL_CONVERSION = YES;
				CLANG_WARN_CONSTANT_CONVERSION = YES;
				CLANG_WARN_DIRECT_OBJC_ISA_USAGE = YES_ERROR;
				CLANG_WARN_EMPTY_BODY = YES;
				CLANG_WARN_ENUM_CONVERSION = YES;
				CLANG_WARN_INT_CONVERSION = YES;
				CLANG_WARN_OBJC_ROOT_CLASS = YES_ERROR;
				CLANG_WARN_UNREACHABLE_CODE = YES;
				CLANG_WARN__DUPLICATE_METHOD_MATCH = YES;
				"CODE_SIGN_IDENTITY[sdk=iphoneos*]" = "iPhone Developer";
				COPY_PHASE_STRIP = NO;
				DEBUG_INFORMATION_FORMAT = dwarf;
				ENABLE_STRICT_OBJC_MSGSEND = YES;
				ENABLE_TESTABILITY = YES;
				GCC_C_LANGUAGE_STANDARD = gnu99;
				GCC_DYNAMIC_NO_PIC = NO;
				GCC_NO_COMMON_BLOCKS = YES;
				GCC_OPTIMIZATION_LEVEL = 0;
				GCC_PREPROCESSOR_DEFINITIONS = (
					"DEBUG=1",
					"$(inherited)",
				);
				GCC_WARN_64_TO_32_BIT_CONVERSION = YES;
				GCC_WARN_ABOUT_RETURN_TYPE = YES_ERROR;
				GCC_WARN_UNDECLARED_SELECTOR = YES;
				GCC_WARN_UNINITIALIZED_AUTOS = YES_AGGRESSIVE;
				GCC_WARN_UNUSED_FUNCTION = YES;
				GCC_WARN_UNUSED_VARIABLE = YES;
				IPHONEOS_DEPLOYMENT_TARGET = 9.3;
				MTL_ENABLE_DEBUG_INFO = YES;
				ONLY_ACTIVE_ARCH = YES;
				SDKROOT = iphoneos;
			};
			name = Debug;
		};
		187974D51D2C8BF9003CEA49 /* Release */ = {
			isa = XCBuildConfiguration;
			buildSettings = {
				ALWAYS_SEARCH_USER_PATHS = NO;
				CLANG_ANALYZER_NONNULL = YES;
				CLANG_CXX_LANGUAGE_STANDARD = "gnu++0x";
				CLANG_CXX_LIBRARY = "libc++";
				CLANG_ENABLE_MODULES = YES;
				CLANG_ENABLE_OBJC_ARC = YES;
				CLANG_WARN_BOOL_CONVERSION = YES;
				CLANG_WARN_CONSTANT_CONVERSION = YES;
				CLANG_WARN_DIRECT_OBJC_ISA_USAGE = YES_ERROR;
				CLANG_WARN_EMPTY_BODY = YES;
				CLANG_WARN_ENUM_CONVERSION = YES;
				CLANG_WARN_INT_CONVERSION = YES;
				CLANG_WARN_OBJC_ROOT_CLASS = YES_ERROR;
				CLANG_WARN_UNREACHABLE_CODE = YES;
				CLANG_WARN__DUPLICATE_METHOD_MATCH = YES;
				"CODE_SIGN_IDENTITY[sdk=iphoneos*]" = "iPhone Developer";
				COPY_PHASE_STRIP = NO;
				DEBUG_INFORMATION_FORMAT = "dwarf-with-dsym";
				ENABLE_NS_ASSERTIONS = NO;
				ENABLE_STRICT_OBJC_MSGSEND = YES;
				GCC_C_LANGUAGE_STANDARD = gnu99;
				GCC_NO_COMMON_BLOCKS = YES;
				GCC_WARN_64_TO_32_BIT_CONVERSION = YES;
				GCC_WARN_ABOUT_RETURN_TYPE = YES_ERROR;
				GCC_WARN_UNDECLARED_SELECTOR = YES;
				GCC_WARN_UNINITIALIZED_AUTOS = YES_AGGRESSIVE;
				GCC_WARN_UNUSED_FUNCTION = YES;
				GCC_WARN_UNUSED_VARIABLE = YES;
				IPHONEOS_DEPLOYMENT_TARGET = 9.3;
				MTL_ENABLE_DEBUG_INFO = NO;
				SDKROOT = iphoneos;
				VALIDATE_PRODUCT = YES;
			};
			name = Release;
		};
		187974D71D2C8BF9003CEA49 /* Debug */ = {
			isa = XCBuildConfiguration;
			buildSettings = {
				ASSETCATALOG_COMPILER_APPICON_NAME = AppIcon;
				INFOPLIST_FILE = OperationGuide/Info.plist;
				LD_RUNPATH_SEARCH_PATHS = "$(inherited) @executable_path/Frameworks";
				PRODUCT_BUNDLE_IDENTIFIER = com.caicai.dy.OperationGuide;
				PRODUCT_NAME = "$(TARGET_NAME)";
			};
			name = Debug;
		};
		187974D81D2C8BF9003CEA49 /* Release */ = {
			isa = XCBuildConfiguration;
			buildSettings = {
				ASSETCATALOG_COMPILER_APPICON_NAME = AppIcon;
				INFOPLIST_FILE = OperationGuide/Info.plist;
				LD_RUNPATH_SEARCH_PATHS = "$(inherited) @executable_path/Frameworks";
				PRODUCT_BUNDLE_IDENTIFIER = com.caicai.dy.OperationGuide;
				PRODUCT_NAME = "$(TARGET_NAME)";
			};
			name = Release;
		};
/* End XCBuildConfiguration section */

/* Begin XCConfigurationList section */
		187974BA1D2C8BF9003CEA49 /* Build configuration list for PBXProject "OperationGuide" */ = {
			isa = XCConfigurationList;
			buildConfigurations = (
				187974D41D2C8BF9003CEA49 /* Debug */,
				187974D51D2C8BF9003CEA49 /* Release */,
			);
			defaultConfigurationIsVisible = 0;
			defaultConfigurationName = Release;
		};
		187974D61D2C8BF9003CEA49 /* Build configuration list for PBXNativeTarget "OperationGuide" */ = {
			isa = XCConfigurationList;
			buildConfigurations = (
				187974D71D2C8BF9003CEA49 /* Debug */,
				187974D81D2C8BF9003CEA49 /* Release */,
			);
			defaultConfigurationIsVisible = 0;
		};
/* End XCConfigurationList section */
	};
	rootObject = 187974B71D2C8BF9003CEA49 /* Project object */;
}
